// !$*UTF8*$!
{
	archiveVersion = 1;
	classes = {
	};
	objectVersion = 50;
	objects = {

/* Begin PBXBuildFile section */
		741A6ED425952828001DA5E5 /* AppDelegate.swift in Sources */ = {isa = PBXBuildFile; fileRef = 741A6ED325952828001DA5E5 /* AppDelegate.swift */; };
		741A6ED625952828001DA5E5 /* SceneDelegate.swift in Sources */ = {isa = PBXBuildFile; fileRef = 741A6ED525952828001DA5E5 /* SceneDelegate.swift */; };
		741A6ED825952828001DA5E5 /* ViewController.swift in Sources */ = {isa = PBXBuildFile; fileRef = 741A6ED725952828001DA5E5 /* ViewController.swift */; };
		741A6EDB25952828001DA5E5 /* Main.storyboard in Resources */ = {isa = PBXBuildFile; fileRef = 741A6ED925952828001DA5E5 /* Main.storyboard */; };
		741A6EDD25952829001DA5E5 /* Assets.xcassets in Resources */ = {isa = PBXBuildFile; fileRef = 741A6EDC25952829001DA5E5 /* Assets.xcassets */; };
		741A6EE025952829001DA5E5 /* LaunchScreen.storyboard in Resources */ = {isa = PBXBuildFile; fileRef = 741A6EDE25952829001DA5E5 /* LaunchScreen.storyboard */; };
		741A6EEB2595282A001DA5E5 /* tipperTests.swift in Sources */ = {isa = PBXBuildFile; fileRef = 741A6EEA2595282A001DA5E5 /* tipperTests.swift */; };
		741A6EF62595282A001DA5E5 /* tipperUITests.swift in Sources */ = {isa = PBXBuildFile; fileRef = 741A6EF52595282A001DA5E5 /* tipperUITests.swift */; };
/* End PBXBuildFile section */

/* Begin PBXContainerItemProxy section */
		741A6EE72595282A001DA5E5 /* PBXContainerItemProxy */ = {
			isa = PBXContainerItemProxy;
			containerPortal = 741A6EC825952828001DA5E5 /* Project object */;
			proxyType = 1;
			remoteGlobalIDString = 741A6ECF25952828001DA5E5;
			remoteInfo = tipper;
		};
		741A6EF22595282A001DA5E5 /* PBXContainerItemProxy */ = {
			isa = PBXContainerItemProxy;
			containerPortal = 741A6EC825952828001DA5E5 /* Project object */;
			proxyType = 1;
			remoteGlobalIDString = 741A6ECF25952828001DA5E5;
			remoteInfo = tipper;
		};
/* End PBXContainerItemProxy section */

/* Begin PBXFileReference section */
		741A6ED025952828001DA5E5 /* tipper.app */ = {isa = PBXFileReference; explicitFileType = wrapper.application; includeInIndex = 0; path = tipper.app; sourceTree = BUILT_PRODUCTS_DIR; };
		741A6ED325952828001DA5E5 /* AppDelegate.swift */ = {isa = PBXFileReference; lastKnownFileType = sourcecode.swift; path = AppDelegate.swift; sourceTree = "<group>"; };
		741A6ED525952828001DA5E5 /* SceneDelegate.swift */ = {isa = PBXFileReference; lastKnownFileType = sourcecode.swift; path = SceneDelegate.swift; sourceTree = "<group>"; };
		741A6ED725952828001DA5E5 /* ViewController.swift */ = {isa = PBXFileReference; lastKnownFileType = sourcecode.swift; path = ViewController.swift; sourceTree = "<group>"; };
		741A6EDA25952828001DA5E5 /* Base */ = {isa = PBXFileReference; lastKnownFileType = file.storyboard; name = Base; path = Base.lproj/Main.storyboard; sourceTree = "<group>"; };
		741A6EDC25952829001DA5E5 /* Assets.xcassets */ = {isa = PBXFileReference; lastKnownFileType = folder.assetcatalog; path = Assets.xcassets; sourceTree = "<group>"; };
		741A6EDF25952829001DA5E5 /* Base */ = {isa = PBXFileReference; lastKnownFileType = file.storyboard; name = Base; path = Base.lproj/LaunchScreen.storyboard; sourceTree = "<group>"; };
		741A6EE125952829001DA5E5 /* Info.plist */ = {isa = PBXFileReference; lastKnownFileType = text.plist.xml; path = Info.plist; sourceTree = "<group>"; };
		741A6EE62595282A001DA5E5 /* tipperTests.xctest */ = {isa = PBXFileReference; explicitFileType = wrapper.cfbundle; includeInIndex = 0; path = tipperTests.xctest; sourceTree = BUILT_PRODUCTS_DIR; };
		741A6EEA2595282A001DA5E5 /* tipperTests.swift */ = {isa = PBXFileReference; lastKnownFileType = sourcecode.swift; path = tipperTests.swift; sourceTree = "<group>"; };
		741A6EEC2595282A001DA5E5 /* Info.plist */ = {isa = PBXFileReference; lastKnownFileType = text.plist.xml; path = Info.plist; sourceTree = "<group>"; };
		741A6EF12595282A001DA5E5 /* tipperUITests.xctest */ = {isa = PBXFileReference; explicitFileType = wrapper.cfbundle; includeInIndex = 0; path = tipperUITests.xctest; sourceTree = BUILT_PRODUCTS_DIR; };
		741A6EF52595282A001DA5E5 /* tipperUITests.swift */ = {isa = PBXFileReference; lastKnownFileType = sourcecode.swift; path = tipperUITests.swift; sourceTree = "<group>"; };
		741A6EF72595282A001DA5E5 /* Info.plist */ = {isa = PBXFileReference; lastKnownFileType = text.plist.xml; path = Info.plist; sourceTree = "<group>"; };
/* End PBXFileReference section */

/* Begin PBXFrameworksBuildPhase section */
		741A6ECD25952828001DA5E5 /* Frameworks */ = {
			isa = PBXFrameworksBuildPhase;
			buildActionMask = 2147483647;
			files = (
			);
			runOnlyForDeploymentPostprocessing = 0;
		};
		741A6EE32595282A001DA5E5 /* Frameworks */ = {
			isa = PBXFrameworksBuildPhase;
			buildActionMask = 2147483647;
			files = (
			);
			runOnlyForDeploymentPostprocessing = 0;
		};
		741A6EEE2595282A001DA5E5 /* Frameworks */ = {
			isa = PBXFrameworksBuildPhase;
			buildActionMask = 2147483647;
			files = (
			);
			runOnlyForDeploymentPostprocessing = 0;
		};
/* End PBXFrameworksBuildPhase section */

/* Begin PBXGroup section */
		741A6EC725952828001DA5E5 = {
			isa = PBXGroup;
			children = (
				741A6ED225952828001DA5E5 /* tipper */,
				741A6EE92595282A001DA5E5 /* tipperTests */,
				741A6EF42595282A001DA5E5 /* tipperUITests */,
				741A6ED125952828001DA5E5 /* Products */,
			);
			sourceTree = "<group>";
		};
		741A6ED125952828001DA5E5 /* Products */ = {
			isa = PBXGroup;
			children = (
				741A6ED025952828001DA5E5 /* tipper.app */,
				741A6EE62595282A001DA5E5 /* tipperTests.xctest */,
				741A6EF12595282A001DA5E5 /* tipperUITests.xctest */,
			);
			name = Products;
			sourceTree = "<group>";
		};
		741A6ED225952828001DA5E5 /* tipper */ = {
			isa = PBXGroup;
			children = (
				741A6ED325952828001DA5E5 /* AppDelegate.swift */,
				741A6ED525952828001DA5E5 /* SceneDelegate.swift */,
				741A6ED725952828001DA5E5 /* ViewController.swift */,
				741A6ED925952828001DA5E5 /* Main.storyboard */,
				741A6EDC25952829001DA5E5 /* Assets.xcassets */,
				741A6EDE25952829001DA5E5 /* LaunchScreen.storyboard */,
				741A6EE125952829001DA5E5 /* Info.plist */,
			);
			path = tipper;
			sourceTree = "<group>";
		};
		741A6EE92595282A001DA5E5 /* tipperTests */ = {
			isa = PBXGroup;
			children = (
				741A6EEA2595282A001DA5E5 /* tipperTests.swift */,
				741A6EEC2595282A001DA5E5 /* Info.plist */,
			);
			path = tipperTests;
			sourceTree = "<group>";
		};
		741A6EF42595282A001DA5E5 /* tipperUITests */ = {
			isa = PBXGroup;
			children = (
				741A6EF52595282A001DA5E5 /* tipperUITests.swift */,
				741A6EF72595282A001DA5E5 /* Info.plist */,
			);
			path = tipperUITests;
			sourceTree = "<group>";
		};
/* End PBXGroup section */

/* Begin PBXNativeTarget section */
		741A6ECF25952828001DA5E5 /* tipper */ = {
			isa = PBXNativeTarget;
			buildConfigurationList = 741A6EFA2595282A001DA5E5 /* Build configuration list for PBXNativeTarget "tipper" */;
			buildPhases = (
				741A6ECC25952828001DA5E5 /* Sources */,
				741A6ECD25952828001DA5E5 /* Frameworks */,
				741A6ECE25952828001DA5E5 /* Resources */,
			);
			buildRules = (
			);
			dependencies = (
			);
			name = tipper;
			productName = tipper;
			productReference = 741A6ED025952828001DA5E5 /* tipper.app */;
			productType = "com.apple.product-type.application";
		};
		741A6EE52595282A001DA5E5 /* tipperTests */ = {
			isa = PBXNativeTarget;
			buildConfigurationList = 741A6EFD2595282A001DA5E5 /* Build configuration list for PBXNativeTarget "tipperTests" */;
			buildPhases = (
				741A6EE22595282A001DA5E5 /* Sources */,
				741A6EE32595282A001DA5E5 /* Frameworks */,
				741A6EE42595282A001DA5E5 /* Resources */,
			);
			buildRules = (
			);
			dependencies = (
				741A6EE82595282A001DA5E5 /* PBXTargetDependency */,
			);
			name = tipperTests;
			productName = tipperTests;
			productReference = 741A6EE62595282A001DA5E5 /* tipperTests.xctest */;
			productType = "com.apple.product-type.bundle.unit-test";
		};
		741A6EF02595282A001DA5E5 /* tipperUITests */ = {
			isa = PBXNativeTarget;
			buildConfigurationList = 741A6F002595282A001DA5E5 /* Build configuration list for PBXNativeTarget "tipperUITests" */;
			buildPhases = (
				741A6EED2595282A001DA5E5 /* Sources */,
				741A6EEE2595282A001DA5E5 /* Frameworks */,
				741A6EEF2595282A001DA5E5 /* Resources */,
			);
			buildRules = (
			);
			dependencies = (
				741A6EF32595282A001DA5E5 /* PBXTargetDependency */,
			);
			name = tipperUITests;
			productName = tipperUITests;
			productReference = 741A6EF12595282A001DA5E5 /* tipperUITests.xctest */;
			productType = "com.apple.product-type.bundle.ui-testing";
		};
/* End PBXNativeTarget section */

/* Begin PBXProject section */
		741A6EC825952828001DA5E5 /* Project object */ = {
			isa = PBXProject;
			attributes = {
				LastSwiftUpdateCheck = 1230;
				LastUpgradeCheck = 1230;
				TargetAttributes = {
					741A6ECF25952828001DA5E5 = {
						CreatedOnToolsVersion = 12.3;
					};
					741A6EE52595282A001DA5E5 = {
						CreatedOnToolsVersion = 12.3;
						TestTargetID = 741A6ECF25952828001DA5E5;
					};
					741A6EF02595282A001DA5E5 = {
						CreatedOnToolsVersion = 12.3;
						TestTargetID = 741A6ECF25952828001DA5E5;
					};
				};
			};
			buildConfigurationList = 741A6ECB25952828001DA5E5 /* Build configuration list for PBXProject "tipper" */;
			compatibilityVersion = "Xcode 9.3";
			developmentRegion = en;
			hasScannedForEncodings = 0;
			knownRegions = (
				en,
				Base,
			);
			mainGroup = 741A6EC725952828001DA5E5;
			productRefGroup = 741A6ED125952828001DA5E5 /* Products */;
			projectDirPath = "";
			projectRoot = "";
			targets = (
				741A6ECF25952828001DA5E5 /* tipper */,
				741A6EE52595282A001DA5E5 /* tipperTests */,
				741A6EF02595282A001DA5E5 /* tipperUITests */,
			);
		};
/* End PBXProject section */

/* Begin PBXResourcesBuildPhase section */
		741A6ECE25952828001DA5E5 /* Resources */ = {
			isa = PBXResourcesBuildPhase;
			buildActionMask = 2147483647;
			files = (
				741A6EE025952829001DA5E5 /* LaunchScreen.storyboard in Resources */,
				741A6EDD25952829001DA5E5 /* Assets.xcassets in Resources */,
				741A6EDB25952828001DA5E5 /* Main.storyboard in Resources */,
			);
			runOnlyForDeploymentPostprocessing = 0;
		};
		741A6EE42595282A001DA5E5 /* Resources */ = {
			isa = PBXResourcesBuildPhase;
			buildActionMask = 2147483647;
			files = (
			);
			runOnlyForDeploymentPostprocessing = 0;
		};
		741A6EEF2595282A001DA5E5 /* Resources */ = {
			isa = PBXResourcesBuildPhase;
			buildActionMask = 2147483647;
			files = (
			);
			runOnlyForDeploymentPostprocessing = 0;
		};
/* End PBXResourcesBuildPhase section */

/* Begin PBXSourcesBuildPhase section */
		741A6ECC25952828001DA5E5 /* Sources */ = {
			isa = PBXSourcesBuildPhase;
			buildActionMask = 2147483647;
			files = (
				741A6ED825952828001DA5E5 /* ViewController.swift in Sources */,
				741A6ED425952828001DA5E5 /* AppDelegate.swift in Sources */,
				741A6ED625952828001DA5E5 /* SceneDelegate.swift in Sources */,
			);
			runOnlyForDeploymentPostprocessing = 0;
		};
		741A6EE22595282A001DA5E5 /* Sources */ = {
			isa = PBXSourcesBuildPhase;
			buildActionMask = 2147483647;
			files = (
				741A6EEB2595282A001DA5E5 /* tipperTests.swift in Sources */,
			);
			runOnlyForDeploymentPostprocessing = 0;
		};
		741A6EED2595282A001DA5E5 /* Sources */ = {
			isa = PBXSourcesBuildPhase;
			buildActionMask = 2147483647;
			files = (
				741A6EF62595282A001DA5E5 /* tipperUITests.swift in Sources */,
			);
			runOnlyForDeploymentPostprocessing = 0;
		};
/* End PBXSourcesBuildPhase section */

/* Begin PBXTargetDependency section */
		741A6EE82595282A001DA5E5 /* PBXTargetDependency */ = {
			isa = PBXTargetDependency;
			target = 741A6ECF25952828001DA5E5 /* tipper */;
			targetProxy = 741A6EE72595282A001DA5E5 /* PBXContainerItemProxy */;
		};
		741A6EF32595282A001DA5E5 /* PBXTargetDependency */ = {
			isa = PBXTargetDependency;
			target = 741A6ECF25952828001DA5E5 /* tipper */;
			targetProxy = 741A6EF22595282A001DA5E5 /* PBXContainerItemProxy */;
		};
/* End PBXTargetDependency section */

/* Begin PBXVariantGroup section */
		741A6ED925952828001DA5E5 /* Main.storyboard */ = {
			isa = PBXVariantGroup;
			children = (
				741A6EDA25952828001DA5E5 /* Base */,
			);
			name = Main.storyboard;
			sourceTree = "<group>";
		};
		741A6EDE25952829001DA5E5 /* LaunchScreen.storyboard */ = {
			isa = PBXVariantGroup;
			children = (
				741A6EDF25952829001DA5E5 /* Base */,
			);
			name = LaunchScreen.storyboard;
			sourceTree = "<group>";
		};
/* End PBXVariantGroup section */

/* Begin XCBuildConfiguration section */
		741A6EF82595282A001DA5E5 /* Debug */ = {
			isa = XCBuildConfiguration;
			buildSettings = {
				ALWAYS_SEARCH_USER_PATHS = NO;
				CLANG_ANALYZER_NONNULL = YES;
				CLANG_ANALYZER_NUMBER_OBJECT_CONVERSION = YES_AGGRESSIVE;
				CLANG_CXX_LANGUAGE_STANDARD = "gnu++14";
				CLANG_CXX_LIBRARY = "libc++";
				CLANG_ENABLE_MODULES = YES;
				CLANG_ENABLE_OBJC_ARC = YES;
				CLANG_ENABLE_OBJC_WEAK = YES;
				CLANG_WARN_BLOCK_CAPTURE_AUTORELEASING = YES;
				CLANG_WARN_BOOL_CONVERSION = YES;
				CLANG_WARN_COMMA = YES;
				CLANG_WARN_CONSTANT_CONVERSION = YES;
				CLANG_WARN_DEPRECATED_OBJC_IMPLEMENTATIONS = YES;
				CLANG_WARN_DIRECT_OBJC_ISA_USAGE = YES_ERROR;
				CLANG_WARN_DOCUMENTATION_COMMENTS = YES;
				CLANG_WARN_EMPTY_BODY = YES;
				CLANG_WARN_ENUM_CONVERSION = YES;
				CLANG_WARN_INFINITE_RECURSION = YES;
				CLANG_WARN_INT_CONVERSION = YES;
				CLANG_WARN_NON_LITERAL_NULL_CONVERSION = YES;
				CLANG_WARN_OBJC_IMPLICIT_RETAIN_SELF = YES;
				CLANG_WARN_OBJC_LITERAL_CONVERSION = YES;
				CLANG_WARN_OBJC_ROOT_CLASS = YES_ERROR;
				CLANG_WARN_QUOTED_INCLUDE_IN_FRAMEWORK_HEADER = YES;
				CLANG_WARN_RANGE_LOOP_ANALYSIS = YES;
				CLANG_WARN_STRICT_PROTOTYPES = YES;
				CLANG_WARN_SUSPICIOUS_MOVE = YES;
				CLANG_WARN_UNGUARDED_AVAILABILITY = YES_AGGRESSIVE;
				CLANG_WARN_UNREACHABLE_CODE = YES;
				CLANG_WARN__DUPLICATE_METHOD_MATCH = YES;
				COPY_PHASE_STRIP = NO;
				DEBUG_INFORMATION_FORMAT = dwarf;
				ENABLE_STRICT_OBJC_MSGSEND = YES;
				ENABLE_TESTABILITY = YES;
				GCC_C_LANGUAGE_STANDARD = gnu11;
				GCC_DYNAMIC_NO_PIC = NO;
				GCC_NO_COMMON_BLOCKS = YES;
				GCC_OPTIMIZATION_LEVEL = 0;
				GCC_PREPROCESSOR_DEFINITIONS = (
					"DEBUG=1",
					"$(inherited)",
				);
				GCC_WARN_64_TO_32_BIT_CONVERSION = YES;
				GCC_WARN_ABOUT_RETURN_TYPE = YES_ERROR;
				GCC_WARN_UNDECLARED_SELECTOR = YES;
				GCC_WARN_UNINITIALIZED_AUTOS = YES_AGGRESSIVE;
				GCC_WARN_UNUSED_FUNCTION = YES;
				GCC_WARN_UNUSED_VARIABLE = YES;
				IPHONEOS_DEPLOYMENT_TARGET = 14.3;
				MTL_ENABLE_DEBUG_INFO = INCLUDE_SOURCE;
				MTL_FAST_MATH = YES;
				ONLY_ACTIVE_ARCH = YES;
				SDKROOT = iphoneos;
				SWIFT_ACTIVE_COMPILATION_CONDITIONS = DEBUG;
				SWIFT_OPTIMIZATION_LEVEL = "-Onone";
			};
			name = Debug;
		};
		741A6EF92595282A001DA5E5 /* Release */ = {
			isa = XCBuildConfiguration;
			buildSettings = {
				ALWAYS_SEARCH_USER_PATHS = NO;
				CLANG_ANALYZER_NONNULL = YES;
				CLANG_ANALYZER_NUMBER_OBJECT_CONVERSION = YES_AGGRESSIVE;
				CLANG_CXX_LANGUAGE_STANDARD = "gnu++14";
				CLANG_CXX_LIBRARY = "libc++";
				CLANG_ENABLE_MODULES = YES;
				CLANG_ENABLE_OBJC_ARC = YES;
				CLANG_ENABLE_OBJC_WEAK = YES;
				CLANG_WARN_BLOCK_CAPTURE_AUTORELEASING = YES;
				CLANG_WARN_BOOL_CONVERSION = YES;
				CLANG_WARN_COMMA = YES;
				CLANG_WARN_CONSTANT_CONVERSION = YES;
				CLANG_WARN_DEPRECATED_OBJC_IMPLEMENTATIONS = YES;
				CLANG_WARN_DIRECT_OBJC_ISA_USAGE = YES_ERROR;
				CLANG_WARN_DOCUMENTATION_COMMENTS = YES;
				CLANG_WARN_EMPTY_BODY = YES;
				CLANG_WARN_ENUM_CONVERSION = YES;
				CLANG_WARN_INFINITE_RECURSION = YES;
				CLANG_WARN_INT_CONVERSION = YES;
				CLANG_WARN_NON_LITERAL_NULL_CONVERSION = YES;
				CLANG_WARN_OBJC_IMPLICIT_RETAIN_SELF = YES;
				CLANG_WARN_OBJC_LITERAL_CONVERSION = YES;
				CLANG_WARN_OBJC_ROOT_CLASS = YES_ERROR;
				CLANG_WARN_QUOTED_INCLUDE_IN_FRAMEWORK_HEADER = YES;
				CLANG_WARN_RANGE_LOOP_ANALYSIS = YES;
				CLANG_WARN_STRICT_PROTOTYPES = YES;
				CLANG_WARN_SUSPICIOUS_MOVE = YES;
				CLANG_WARN_UNGUARDED_AVAILABILITY = YES_AGGRESSIVE;
				CLANG_WARN_UNREACHABLE_CODE = YES;
				CLANG_WARN__DUPLICATE_METHOD_MATCH = YES;
				COPY_PHASE_STRIP = NO;
				DEBUG_INFORMATION_FORMAT = "dwarf-with-dsym";
				ENABLE_NS_ASSERTIONS = NO;
				ENABLE_STRICT_OBJC_MSGSEND = YES;
				GCC_C_LANGUAGE_STANDARD = gnu11;
				GCC_NO_COMMON_BLOCKS = YES;
				GCC_WARN_64_TO_32_BIT_CONVERSION = YES;
				GCC_WARN_ABOUT_RETURN_TYPE = YES_ERROR;
				GCC_WARN_UNDECLARED_SELECTOR = YES;
				GCC_WARN_UNINITIALIZED_AUTOS = YES_AGGRESSIVE;
				GCC_WARN_UNUSED_FUNCTION = YES;
				GCC_WARN_UNUSED_VARIABLE = YES;
				IPHONEOS_DEPLOYMENT_TARGET = 14.3;
				MTL_ENABLE_DEBUG_INFO = NO;
				MTL_FAST_MATH = YES;
				SDKROOT = iphoneos;
				SWIFT_COMPILATION_MODE = wholemodule;
				SWIFT_OPTIMIZATION_LEVEL = "-O";
				VALIDATE_PRODUCT = YES;
			};
			name = Release;
		};
		741A6EFB2595282A001DA5E5 /* Debug */ = {
			isa = XCBuildConfiguration;
			buildSettings = {
				ASSETCATALOG_COMPILER_APPICON_NAME = AppIcon;
				ASSETCATALOG_COMPILER_GLOBAL_ACCENT_COLOR_NAME = AccentColor;
				CODE_SIGN_STYLE = Automatic;
				DEVELOPMENT_TEAM = M4Q54Y4PN7;
				INFOPLIST_FILE = tipper/Info.plist;
				LD_RUNPATH_SEARCH_PATHS = (
					"$(inherited)",
					"@executable_path/Frameworks",
				);
				PRODUCT_BUNDLE_IDENTIFIER = me.matgsan.tipper;
				PRODUCT_NAME = "$(TARGET_NAME)";
				SWIFT_VERSION = 5.0;
				TARGETED_DEVICE_FAMILY = "1,2";
			};
			name = Debug;
		};
		741A6EFC2595282A001DA5E5 /* Release */ = {
			isa = XCBuildConfiguration;
			buildSettings = {
				ASSETCATALOG_COMPILER_APPICON_NAME = AppIcon;
				ASSETCATALOG_COMPILER_GLOBAL_ACCENT_COLOR_NAME = AccentColor;
				CODE_SIGN_STYLE = Automatic;
				DEVELOPMENT_TEAM = M4Q54Y4PN7;
				INFOPLIST_FILE = tipper/Info.plist;
				LD_RUNPATH_SEARCH_PATHS = (
					"$(inherited)",
					"@executable_path/Frameworks",
				);
				PRODUCT_BUNDLE_IDENTIFIER = me.matgsan.tipper;
				PRODUCT_NAME = "$(TARGET_NAME)";
				SWIFT_VERSION = 5.0;
				TARGETED_DEVICE_FAMILY = "1,2";
			};
			name = Release;
		};
		741A6EFE2595282A001DA5E5 /* Debug */ = {
			isa = XCBuildConfiguration;
			buildSettings = {
				ALWAYS_EMBED_SWIFT_STANDARD_LIBRARIES = YES;
				BUNDLE_LOADER = "$(TEST_HOST)";
				CODE_SIGN_STYLE = Automatic;
				DEVELOPMENT_TEAM = M4Q54Y4PN7;
				INFOPLIST_FILE = tipperTests/Info.plist;
				IPHONEOS_DEPLOYMENT_TARGET = 14.3;
				LD_RUNPATH_SEARCH_PATHS = (
					"$(inherited)",
					"@executable_path/Frameworks",
					"@loader_path/Frameworks",
				);
				PRODUCT_BUNDLE_IDENTIFIER = me.matgsan.tipperTests;
				PRODUCT_NAME = "$(TARGET_NAME)";
				SWIFT_VERSION = 5.0;
				TARGETED_DEVICE_FAMILY = "1,2";
				TEST_HOST = "$(BUILT_PRODUCTS_DIR)/tipper.app/tipper";
			};
			name = Debug;
		};
		741A6EFF2595282A001DA5E5 /* Release */ = {
			isa = XCBuildConfiguration;
			buildSettings = {
				ALWAYS_EMBED_SWIFT_STANDARD_LIBRARIES = YES;
				BUNDLE_LOADER = "$(TEST_HOST)";
				CODE_SIGN_STYLE = Automatic;
				DEVELOPMENT_TEAM = M4Q54Y4PN7;
				INFOPLIST_FILE = tipperTests/Info.plist;
				IPHONEOS_DEPLOYMENT_TARGET = 14.3;
				LD_RUNPATH_SEARCH_PATHS = (
					"$(inherited)",
					"@executable_path/Frameworks",
					"@loader_path/Frameworks",
				);
				PRODUCT_BUNDLE_IDENTIFIER = me.matgsan.tipperTests;
				PRODUCT_NAME = "$(TARGET_NAME)";
				SWIFT_VERSION = 5.0;
				TARGETED_DEVICE_FAMILY = "1,2";
				TEST_HOST = "$(BUILT_PRODUCTS_DIR)/tipper.app/tipper";
			};
			name = Release;
		};
		741A6F012595282A001DA5E5 /* Debug */ = {
			isa = XCBuildConfiguration;
			buildSettings = {
				ALWAYS_EMBED_SWIFT_STANDARD_LIBRARIES = YES;
				CODE_SIGN_STYLE = Automatic;
				DEVELOPMENT_TEAM = M4Q54Y4PN7;
				INFOPLIST_FILE = tipperUITests/Info.plist;
				LD_RUNPATH_SEARCH_PATHS = (
					"$(inherited)",
					"@executable_path/Frameworks",
					"@loader_path/Frameworks",
				);
				PRODUCT_BUNDLE_IDENTIFIER = me.matgsan.tipperUITests;
				PRODUCT_NAME = "$(TARGET_NAME)";
				SWIFT_VERSION = 5.0;
				TARGETED_DEVICE_FAMILY = "1,2";
				TEST_TARGET_NAME = tipper;
			};
			name = Debug;
		};
		741A6F022595282A001DA5E5 /* Release */ = {
			isa = XCBuildConfiguration;
			buildSettings = {
				ALWAYS_EMBED_SWIFT_STANDARD_LIBRARIES = YES;
				CODE_SIGN_STYLE = Automatic;
				DEVELOPMENT_TEAM = M4Q54Y4PN7;
				INFOPLIST_FILE = tipperUITests/Info.plist;
				LD_RUNPATH_SEARCH_PATHS = (
					"$(inherited)",
					"@executable_path/Frameworks",
					"@loader_path/Frameworks",
				);
				PRODUCT_BUNDLE_IDENTIFIER = me.matgsan.tipperUITests;
				PRODUCT_NAME = "$(TARGET_NAME)";
				SWIFT_VERSION = 5.0;
				TARGETED_DEVICE_FAMILY = "1,2";
				TEST_TARGET_NAME = tipper;
			};
			name = Release;
		};
/* End XCBuildConfiguration section */

/* Begin XCConfigurationList section */
		741A6ECB25952828001DA5E5 /* Build configuration list for PBXProject "tipper" */ = {
			isa = XCConfigurationList;
			buildConfigurations = (
				741A6EF82595282A001DA5E5 /* Debug */,
				741A6EF92595282A001DA5E5 /* Release */,
			);
			defaultConfigurationIsVisible = 0;
			defaultConfigurationName = Release;
		};
		741A6EFA2595282A001DA5E5 /* Build configuration list for PBXNativeTarget "tipper" */ = {
			isa = XCConfigurationList;
			buildConfigurations = (
				741A6EFB2595282A001DA5E5 /* Debug */,
				741A6EFC2595282A001DA5E5 /* Release */,
			);
			defaultConfigurationIsVisible = 0;
			defaultConfigurationName = Release;
		};
		741A6EFD2595282A001DA5E5 /* Build configuration list for PBXNativeTarget "tipperTests" */ = {
			isa = XCConfigurationList;
			buildConfigurations = (
				741A6EFE2595282A001DA5E5 /* Debug */,
				741A6EFF2595282A001DA5E5 /* Release */,
			);
			defaultConfigurationIsVisible = 0;
			defaultConfigurationName = Release;
		};
		741A6F002595282A001DA5E5 /* Build configuration list for PBXNativeTarget "tipperUITests" */ = {
			isa = XCConfigurationList;
			buildConfigurations = (
				741A6F012595282A001DA5E5 /* Debug */,
				741A6F022595282A001DA5E5 /* Release */,
			);
			defaultConfigurationIsVisible = 0;
			defaultConfigurationName = Release;
		};
/* End XCConfigurationList section */
	};
	rootObject = 741A6EC825952828001DA5E5 /* Project object */;
}
